schema: '2.0'
stages:
  stage_01:
    cmd: python stage_01.py
    deps:
    - path: stage_01.py
      hash: md5
      md5: 09881af3db0d49fa7d80df315f98570f
      size: 196
    outs:
    - path: artifact.txt
      hash: md5
      md5: 00f36cb73aae82f70bdbd91f25a95319
      size: 50
  stage_02:
    cmd: python stage_02.py
    deps:
    - path: artifact.txt
      hash: md5
      md5: 00f36cb73aae82f70bdbd91f25a95319
      size: 50
    - path: stage_02.py
      hash: md5
      md5: 541f70148e0603abe5cc143da22e5499
      size: 137
  stage_03:
    cmd: python stage_03.py
    deps:
    - path: artifact2.txt
      hash: md5
      md5: d41d8cd98f00b204e9800998ecf8427e
      size: 0
    - path: stage_03.py
      hash: md5
      md5: cb061433e663545c254720c19d1fadc8
      size: 75
